
Microsoft Visual Studio Solution File, Format Version 12.00
# Visual Studio Version 16
VisualStudioVersion = 16.0.32106.194
MinimumVisualStudioVersion = 10.0.40219.1
Project("{8BC9CEB8-8B4A-11D0-8D11-00A0C91BC942}") = "SnapshotStorageTest", "SnapshotStorageTest\SnapshotStorageTest.vcxproj", "{E4A59F8C-F4A3-4743-89DF-17C803686567}"
EndProject
Global
	GlobalSection(SolutionConfigurationPlatforms) = preSolution
		Debug|x64 = Debug|x64
		Debug|x86 = Debug|x86
		Release|x64 = Release|x64
		Release|x86 = Release|x86
	EndGlobalSection
	GlobalSection(ProjectConfigurationPlatforms) = postSolution
		{E4A59F8C-F4A3-4743-89DF-17C803686567}.Debug|x64.ActiveCfg = Debug|x64
		{E4A59F8C-F4A3-4743-89DF-17C803686567}.Debug|x64.Build.0 = Debug|x64
		{E4A59F8C-F4A3-4743-89DF-17C803686567}.Debug|x86.ActiveCfg = Debug|Win32
		{E4A59F8C-F4A3-4743-89DF-17C803686567}.Debug|x86.Build.0 = Debug|Win32
		{E4A59F8C-F4A3-4743-89DF-17C803686567}.Release|x64.ActiveCfg = Release|x64
		{E4A59F8C-F4A3-4743-89DF-17C803686567}.Release|x64.Build.0 = Release|x64
		{E4A59F8C-F4A3-4743-89DF-17C803686567}.Release|x86.ActiveCfg = Release|Win32
		{E4A59F8C-F4A3-4743-89DF-17C803686567}.Release|x86.Build.0 = Release|Win32
	EndGlobalSection
	GlobalSection(SolutionProperties) = preSolution
		HideSolutionNode = FALSE
	EndGlobalSection
	GlobalSection(ExtensibilityGlobals) = postSolution
		SolutionGuid = {CF12A14D-3B8C-45E9-AEC1-4A9B9C630D35}
	EndGlobalSection
EndGlobal
